
Microsoft Visual Studio Solution File, Format Version 12.00
# Visual Studio Version 16
VisualStudioVersion = 16.0.29215.179
MinimumVisualStudioVersion = 10.0.40219.1
Project("{FAE04EC0-301F-11D3-BF4B-00C04F79EFBC}") = "forPract", "forPract\forPract.csproj", "{F5708BC3-C383-4352-B4E9-CD8D08546E03}"
EndProject
Global
	GlobalSection(SolutionConfigurationPlatforms) = preSolution
		Debug|Any CPU = Debug|Any CPU
		Release|Any CPU = Release|Any CPU
	EndGlobalSection
	GlobalSection(ProjectConfigurationPlatforms) = postSolution
		{F5708BC3-C383-4352-B4E9-CD8D08546E03}.Debug|Any CPU.ActiveCfg = Debug|Any CPU
		{F5708BC3-C383-4352-B4E9-CD8D08546E03}.Debug|Any CPU.Build.0 = Debug|Any CPU
		{F5708BC3-C383-4352-B4E9-CD8D08546E03}.Release|Any CPU.ActiveCfg = Release|Any CPU
		{F5708BC3-C383-4352-B4E9-CD8D08546E03}.Release|Any CPU.Build.0 = Release|Any CPU
	EndGlobalSection
	GlobalSection(SolutionProperties) = preSolution
		HideSolutionNode = FALSE
	EndGlobalSection
	GlobalSection(ExtensibilityGlobals) = postSolution
		SolutionGuid = {C126E191-FE88-4A64-8106-D0BB2EF8C23B}
	EndGlobalSection
EndGlobal
